
Microsoft Visual Studio Solution File, Format Version 12.00
# Visual Studio Version 16
VisualStudioVersion = 16.0.30517.126
MinimumVisualStudioVersion = 10.0.40219.1
Project("{9A19103F-16F7-4668-BE54-9A1E7A4F7556}") = "TestORMLibrary", "TestORMLibrary\TestORMLibrary.csproj", "{F326304F-8BE9-4019-B114-F48500ED3268}"
EndProject
Project("{9A19103F-16F7-4668-BE54-9A1E7A4F7556}") = "Library.NH", "Library.NH\Library.NH.csproj", "{21D1DE66-0A6A-4883-BD2F-ECBFC38BB2CA}"
EndProject
Project("{9A19103F-16F7-4668-BE54-9A1E7A4F7556}") = "Library.Domain", "Library.Domain\Library.Domain.csproj", "{0BB47B43-46AB-4AA8-9B12-7464729B6390}"
EndProject
Project("{9A19103F-16F7-4668-BE54-9A1E7A4F7556}") = "Infrastructure", "Infrastructure\Infrastructure.csproj", "{B415BA79-E88B-4765-BD4C-4BB8B69C53A7}"
EndProject
Project("{FAE04EC0-301F-11D3-BF4B-00C04F79EFBC}") = "Library.NH.Tests", "Tests\Library.NH.Tests\Library.NH.Tests.csproj", "{58E3063A-9092-4AD4-92E8-325B5E668937}"
EndProject
Global
	GlobalSection(SolutionConfigurationPlatforms) = preSolution
		Debug|Any CPU = Debug|Any CPU
		Release|Any CPU = Release|Any CPU
	EndGlobalSection
	GlobalSection(ProjectConfigurationPlatforms) = postSolution
		{F326304F-8BE9-4019-B114-F48500ED3268}.Debug|Any CPU.ActiveCfg = Debug|Any CPU
		{F326304F-8BE9-4019-B114-F48500ED3268}.Debug|Any CPU.Build.0 = Debug|Any CPU
		{F326304F-8BE9-4019-B114-F48500ED3268}.Release|Any CPU.ActiveCfg = Release|Any CPU
		{F326304F-8BE9-4019-B114-F48500ED3268}.Release|Any CPU.Build.0 = Release|Any CPU
		{21D1DE66-0A6A-4883-BD2F-ECBFC38BB2CA}.Debug|Any CPU.ActiveCfg = Debug|Any CPU
		{21D1DE66-0A6A-4883-BD2F-ECBFC38BB2CA}.Debug|Any CPU.Build.0 = Debug|Any CPU
		{21D1DE66-0A6A-4883-BD2F-ECBFC38BB2CA}.Release|Any CPU.ActiveCfg = Release|Any CPU
		{21D1DE66-0A6A-4883-BD2F-ECBFC38BB2CA}.Release|Any CPU.Build.0 = Release|Any CPU
		{0BB47B43-46AB-4AA8-9B12-7464729B6390}.Debug|Any CPU.ActiveCfg = Debug|Any CPU
		{0BB47B43-46AB-4AA8-9B12-7464729B6390}.Debug|Any CPU.Build.0 = Debug|Any CPU
		{0BB47B43-46AB-4AA8-9B12-7464729B6390}.Release|Any CPU.ActiveCfg = Release|Any CPU
		{0BB47B43-46AB-4AA8-9B12-7464729B6390}.Release|Any CPU.Build.0 = Release|Any CPU
		{B415BA79-E88B-4765-BD4C-4BB8B69C53A7}.Debug|Any CPU.ActiveCfg = Debug|Any CPU
		{B415BA79-E88B-4765-BD4C-4BB8B69C53A7}.Debug|Any CPU.Build.0 = Debug|Any CPU
		{B415BA79-E88B-4765-BD4C-4BB8B69C53A7}.Release|Any CPU.ActiveCfg = Release|Any CPU
		{B415BA79-E88B-4765-BD4C-4BB8B69C53A7}.Release|Any CPU.Build.0 = Release|Any CPU
		{58E3063A-9092-4AD4-92E8-325B5E668937}.Debug|Any CPU.ActiveCfg = Debug|Any CPU
		{58E3063A-9092-4AD4-92E8-325B5E668937}.Debug|Any CPU.Build.0 = Debug|Any CPU
		{58E3063A-9092-4AD4-92E8-325B5E668937}.Release|Any CPU.ActiveCfg = Release|Any CPU
		{58E3063A-9092-4AD4-92E8-325B5E668937}.Release|Any CPU.Build.0 = Release|Any CPU
	EndGlobalSection
	GlobalSection(SolutionProperties) = preSolution
		HideSolutionNode = FALSE
	EndGlobalSection
	GlobalSection(ExtensibilityGlobals) = postSolution
		SolutionGuid = {88D4233E-A110-4D8A-BB19-42CF314E67DF}
	EndGlobalSection
EndGlobal
